{
  "version": 4,
  "terraform_version": "1.11.0",
  "serial": 7,
  "lineage": "6de4b524-ddf1-ab2d-2472-fd54b91ad9ce",
  "outputs": {},
  "resources": [
    {
      "mode": "managed",
      "type": "aws_eks_access_entry",
      "name": "access",
      "provider": "provider[\"registry.terraform.io/hashicorp/aws\"]",
      "instances": [
        {
          "schema_version": 0,
          "attributes": {
            "access_entry_arn": "arn:aws:eks:us-east-1:172074481079:access-entry/fast-food-eks-cluster/role/172074481079/voclabs/58cabde4-7660-f39e-b0f7-0e024f73dc8b",
            "cluster_name": "fast-food-eks-cluster",
            "created_at": "2025-03-09T16:42:00Z",
            "id": "fast-food-eks-cluster:arn:aws:iam::172074481079:role/voclabs",
            "kubernetes_groups": [
              "fast-food",
              "pos-tech"
            ],
            "modified_at": "2025-03-09T16:42:00Z",
            "principal_arn": "arn:aws:iam::172074481079:role/voclabs",
            "tags": {},
            "tags_all": {},
            "timeouts": null,
            "type": "STANDARD",
            "user_name": "arn:aws:sts::172074481079:assumed-role/voclabs/{{SessionName}}"
          },
          "sensitive_attributes": [],
          "private": "eyJlMmJmYjczMC1lY2FhLTExZTYtOGY4OC0zNDM2M2JjN2M0YzAiOnsiY3JlYXRlIjo2MDAwMDAwMDAwMDAsImRlbGV0ZSI6NjAwMDAwMDAwMDAwfX0=",
          "dependencies": [
            "aws_eks_cluster.fast-food-eks"
          ]
        }
      ]
    },
    {
      "mode": "managed",
      "type": "aws_eks_access_policy_association",
      "name": "access",
      "provider": "provider[\"registry.terraform.io/hashicorp/aws\"]",
      "instances": [
        {
          "schema_version": 0,
          "attributes": {
            "access_scope": [
              {
                "namespaces": [],
                "type": "cluster"
              }
            ],
            "associated_at": "2025-03-09 16:42:00.427 +0000 UTC",
            "cluster_name": "fast-food-eks-cluster",
            "id": "fast-food-eks-cluster#arn:aws:iam::172074481079:role/voclabs#arn:aws:eks::aws:cluster-access-policy/AmazonEKSClusterAdminPolicy",
            "modified_at": "2025-03-09 16:42:00.427 +0000 UTC",
            "policy_arn": "arn:aws:eks::aws:cluster-access-policy/AmazonEKSClusterAdminPolicy",
            "principal_arn": "arn:aws:iam::172074481079:role/voclabs",
            "timeouts": null
          },
          "sensitive_attributes": [],
          "private": "eyJlMmJmYjczMC1lY2FhLTExZTYtOGY4OC0zNDM2M2JjN2M0YzAiOnsiY3JlYXRlIjo2MDAwMDAwMDAwMDAsImRlbGV0ZSI6NjAwMDAwMDAwMDAwfX0=",
          "dependencies": [
            "aws_eks_cluster.fast-food-eks"
          ]
        }
      ]
    },
    {
      "mode": "managed",
      "type": "aws_eks_cluster",
      "name": "fast-food-eks",
      "provider": "provider[\"registry.terraform.io/hashicorp/aws\"]",
      "instances": [
        {
          "schema_version": 1,
          "attributes": {
            "access_config": [
              {
                "authentication_mode": "API_AND_CONFIG_MAP",
                "bootstrap_cluster_creator_admin_permissions": false
              }
            ],
            "arn": "arn:aws:eks:us-east-1:172074481079:cluster/fast-food-eks-cluster",
            "bootstrap_self_managed_addons": true,
            "certificate_authority": [
              {
                "data": "LS0tLS1CRUdJTiBDRVJUSUZJQ0FURS0tLS0tCk1JSURCVENDQWUyZ0F3SUJBZ0lJT3BIM3hzTjJadWt3RFFZSktvWklodmNOQVFFTEJRQXdGVEVUTUJFR0ExVUUKQXhNS2EzVmlaWEp1WlhSbGN6QWVGdzB5TlRBek1Ea3hOak0wTkRCYUZ3MHpOVEF6TURjeE5qTTVOREJhTUJVeApFekFSQmdOVkJBTVRDbXQxWW1WeWJtVjBaWE13Z2dFaU1BMEdDU3FHU0liM0RRRUJBUVVBQTRJQkR3QXdnZ0VLCkFvSUJBUURlUUI1TzBqWEVyV3lzcUxxNi8wYVZHYWNxMTlOcXhLdHNJSXcvRmIwZTRhMUhJNmdXWWJsdzg2YTUKYjhYQUIxVWFnMC9PeVpFUmhLMEp5cWFLaG1hY0FsZ3VqL3NnMk53elIxaitRTmNVeTVQUEtPSm5WT1pWT3BHbwpvN3lTeDBXRDJxLzB5bXFqSTBhWmt5c0oxNWF2ZzNBNS80NmMzcDRxZUFZZXhCQzNWeUJtd0llTjhVZEZHc1R3CkFpSmpKRktFdHR1Z09RY1VYbGx0bkFHRjkyWGdVaVIzWVM1cktIUGFuUGVsWmF4YWVmK0FUZmNsSFdFOTB4dVIKMDFaemowQ2JTWnBQamxES1JTVUNPYUltNnN6QWl5dEhzNld0UkZSeFlHZG9qMTJDTXVZRE5qWUptZXRDSG0reQpKRmRzTm1vT21BallFNmtmMlBsYUorK0Y5bTNkQWdNQkFBR2pXVEJYTUE0R0ExVWREd0VCL3dRRUF3SUNwREFQCkJnTlZIUk1CQWY4RUJUQURBUUgvTUIwR0ExVWREZ1FXQkJRTkhKWXlUbEY0T0UyZDdwV3NTS3Yyc0ZHVklEQVYKQmdOVkhSRUVEakFNZ2dwcmRXSmxjbTVsZEdWek1BMEdDU3FHU0liM0RRRUJDd1VBQTRJQkFRQkVtSTd0T0QybwpKV2EzaFhUUFFMMi8xcWFtREdjWkRGTExaRmVPTElMYkVzNEhjQkh1NFR5L0ZkT2cwTE5kODdqL0gvalBwQWxwCjhYOXBJaTdGTXFuRXFoODZ2bVowWkRieXZvR2lGQUV4b1R0ZEFzbitITFpLaTdkUWx3YmlFdE9QMWNUZDArVzIKNG1EMHIxRVZBT2plellsQTVjQ3lCV285S2VzMXJOcXk2Z3d6VTFRQTBNOHI0eE9CVCtma1ZMVFZFMW1vdHh4RwpRV0hiV1JLQVRHdy9RNzBmelBaSWd1RFRMUnFLZmlvdzZwTlc3Y3pRVUxqMHFUUm5XR1UzWXVsNjVFcUZTU0dsCitzY25MQzk3UmM0c1RtK0dqR2UxMURkT3pvejZQaEZYdXEyVHZQSjdGdjR0ZDJ5L1BTQVYrZTBOejJTbkYvV0QKSmJxQkllVFVxNUdtCi0tLS0tRU5EIENFUlRJRklDQVRFLS0tLS0K"
              }
            ],
            "cluster_id": null,
            "compute_config": [],
            "created_at": "2025-03-09T16:34:32Z",
            "enabled_cluster_log_types": [],
            "encryption_config": [],
            "endpoint": "https://8D1ECA400654C7CEA8CD344CD246034E.gr7.us-east-1.eks.amazonaws.com",
            "id": "fast-food-eks-cluster",
            "identity": [
              {
                "oidc": [
                  {
                    "issuer": "https://oidc.eks.us-east-1.amazonaws.com/id/8D1ECA400654C7CEA8CD344CD246034E"
                  }
                ]
              }
            ],
            "kubernetes_network_config": [
              {
                "elastic_load_balancing": [
                  {
                    "enabled": false
                  }
                ],
                "ip_family": "ipv4",
                "service_ipv4_cidr": "10.100.0.0/16",
                "service_ipv6_cidr": ""
              }
            ],
            "name": "fast-food-eks-cluster",
            "outpost_config": [],
            "platform_version": "eks.20",
            "remote_network_config": [],
            "role_arn": "arn:aws:iam::172074481079:role/LabRole",
            "status": "ACTIVE",
            "storage_config": [],
            "tags": {},
            "tags_all": {},
            "timeouts": null,
            "upgrade_policy": [
              {
                "support_type": "EXTENDED"
              }
            ],
            "version": "1.31",
            "vpc_config": [
              {
                "cluster_security_group_id": "sg-0abe132a71d05ae9e",
                "endpoint_private_access": false,
                "endpoint_public_access": true,
                "public_access_cidrs": [
                  "0.0.0.0/0"
                ],
                "security_group_ids": [
                  "sg-0ef49149568d86a30"
                ],
                "subnet_ids": [
                  "subnet-004527ab7979db809",
                  "subnet-0e5433ff13f6b10f2",
                  "subnet-0e7cff5641be2528d"
                ],
                "vpc_id": "vpc-015773279483ee719"
              }
            ],
            "zonal_shift_config": []
          },
          "sensitive_attributes": [],
          "private": "eyJlMmJmYjczMC1lY2FhLTExZTYtOGY4OC0zNDM2M2JjN2M0YzAiOnsiY3JlYXRlIjoxODAwMDAwMDAwMDAwLCJkZWxldGUiOjkwMDAwMDAwMDAwMCwidXBkYXRlIjozNjAwMDAwMDAwMDAwfSwic2NoZW1hX3ZlcnNpb24iOiIxIn0="
        }
      ]
    },
    {
      "mode": "managed",
      "type": "aws_eks_node_group",
      "name": "node",
      "provider": "provider[\"registry.terraform.io/hashicorp/aws\"]",
      "instances": [
        {
          "schema_version": 0,
          "attributes": {
            "ami_type": "AL2023_x86_64_STANDARD",
            "arn": "arn:aws:eks:us-east-1:172074481079:nodegroup/fast-food-eks-cluster/fast-food-node/a0cabe29-3553-e8d3-b6b2-fc9f9e216168",
            "capacity_type": "ON_DEMAND",
            "cluster_name": "fast-food-eks-cluster",
            "disk_size": 50,
            "force_update_version": null,
            "id": "fast-food-eks-cluster:fast-food-node",
            "instance_types": [
              "t3.medium"
            ],
            "labels": null,
            "launch_template": [],
            "node_group_name": "fast-food-node",
            "node_group_name_prefix": "",
            "node_repair_config": [],
            "node_role_arn": "arn:aws:iam::172074481079:role/LabRole",
            "release_version": "1.31.5-20250228",
            "remote_access": [],
            "resources": [
              {
                "autoscaling_groups": [
                  {
                    "name": "eks-fast-food-node-a0cabe29-3553-e8d3-b6b2-fc9f9e216168"
                  }
                ],
                "remote_access_security_group_id": ""
              }
            ],
            "scaling_config": [
              {
                "desired_size": 1,
                "max_size": 2,
                "min_size": 1
              }
            ],
            "status": "ACTIVE",
            "subnet_ids": [
              "subnet-004527ab7979db809",
              "subnet-0e5433ff13f6b10f2",
              "subnet-0e7cff5641be2528d"
            ],
            "tags": null,
            "tags_all": {},
            "taint": [],
            "timeouts": null,
            "update_config": [
              {
                "max_unavailable": 1,
                "max_unavailable_percentage": 0
              }
            ],
            "version": "1.31"
          },
          "sensitive_attributes": [],
          "private": "eyJlMmJmYjczMC1lY2FhLTExZTYtOGY4OC0zNDM2M2JjN2M0YzAiOnsiY3JlYXRlIjozNjAwMDAwMDAwMDAwLCJkZWxldGUiOjM2MDAwMDAwMDAwMDAsInVwZGF0ZSI6MzYwMDAwMDAwMDAwMH19",
          "dependencies": [
            "aws_eks_cluster.fast-food-eks"
          ]
        }
      ]
    }
  ],
  "check_results": null
}
